
Microsoft Visual Studio Solution File, Format Version 11.00
# Visual Studio 2010
Project("{FAE04EC0-301F-11D3-BF4B-00C04F79EFBC}") = "Assembly-CSharp", "Assembly-CSharp.csproj", "{b7537e7a-07e8-0278-a296-791d10909184}"
EndProject
Project("{FAE04EC0-301F-11D3-BF4B-00C04F79EFBC}") = "Assembly-CSharp-Editor", "Assembly-CSharp-Editor.csproj", "{90d3ed99-07e4-5b6d-cb77-8ef6bf15b335}"
EndProject
Global
	GlobalSection(SolutionConfigurationPlatforms) = preSolution
		Debug|Any CPU = Debug|Any CPU
	EndGlobalSection
	GlobalSection(ProjectConfigurationPlatforms) = postSolution
		{b7537e7a-07e8-0278-a296-791d10909184}.Debug|Any CPU.ActiveCfg = Debug|Any CPU
		{b7537e7a-07e8-0278-a296-791d10909184}.Debug|Any CPU.Build.0 = Debug|Any CPU
		{90d3ed99-07e4-5b6d-cb77-8ef6bf15b335}.Debug|Any CPU.ActiveCfg = Debug|Any CPU
		{90d3ed99-07e4-5b6d-cb77-8ef6bf15b335}.Debug|Any CPU.Build.0 = Debug|Any CPU
	EndGlobalSection
	GlobalSection(SolutionProperties) = preSolution
		HideSolutionNode = FALSE
	EndGlobalSection
EndGlobal
